// !$*UTF8*$!
{ "archiveVersion" = "1"; "classes" = {  }; "objectVersion" = "56"; "objects" = { "5C820F917A81E7A8BCFE4BDB" = { "isa" = "PBXFileReference"; "lastKnownFileType" = "sourcecode.swift"; "path" = "Sources/App/App.swift"; "sourceTree" = "<group>"; }; "5E9492361913114BB3A024CD" = { "isa" = "PBXFileReference"; "lastKnownFileType" = "sourcecode.swift"; "path" = "Sources/Shared/CommentCore.swift"; "sourceTree" = "<group>"; }; "8029B03F445BF0C31481716B" = { "isa" = "PBXFileReference"; "lastKnownFileType" = "sourcecode.swift"; "path" = "Sources/Shared/Configuration.swift"; "sourceTree" = "<group>"; }; "AFEC5F382BFDA51F5BE64521" = { "isa" = "PBXFileReference"; "lastKnownFileType" = "sourcecode.swift"; "path" = "Sources/Upload/SampleHandler.swift"; "sourceTree" = "<group>"; }; "5F3B1BF333D8EEB9AF438333" = { "isa" = "PBXFileReference"; "explicitFileType" = "wrapper.application"; "includeInIndex" = "0"; "path" = "GravityReader.app"; "sourceTree" = "BUILT_PRODUCTS_DIR"; }; "48198286355ACA500C1F04A9" = { "isa" = "PBXBuildFile"; "fileRef" = "5C820F917A81E7A8BCFE4BDB"; }; "266CC969EA77DF1941403449" = { "isa" = "PBXSourcesBuildPhase"; "buildActionMask" = "2147483647"; "files" = ("48198286355ACA500C1F04A9",); "runOnlyForDeploymentPostprocessing" = "0"; }; "FA474B315AF301ED14814E73" = { "isa" = "PBXFrameworksBuildPhase"; "buildActionMask" = "2147483647"; "files" = (); "runOnlyForDeploymentPostprocessing" = "0"; }; "DF33F8CFA3B4FA099A8BD355" = { "isa" = "PBXContainerItemProxy"; "containerPortal" = "244210E48437B6556980A702"; "proxyType" = "1"; "remoteGlobalIDString" = "14707A4B97174D0FB7C3F828"; "remoteInfo" = "Upload"; }; "A364BF34E3A6C64B173D0DB7" = { "isa" = "PBXTargetDependency"; "target" = "14707A4B97174D0FB7C3F828"; "targetProxy" = "DF33F8CFA3B4FA099A8BD355"; }; "8D0EC5FC49948161BB4ABF1A" = { "isa" = "PBXBuildFile"; "fileRef" = "4F198AAC22BEBF42634EBA92"; "settings" = { "ATTRIBUTES" = ("RemoveHeadersOnCopy",); }; }; "8A1EED22144C3F04485A69EE" = { "isa" = "PBXCopyFilesBuildPhase"; "buildActionMask" = "2147483647"; "dstPath" = ""; "dstSubfolderSpec" = "13"; "files" = ("8D0EC5FC49948161BB4ABF1A",); "name" = "Embed App Extensions"; "runOnlyForDeploymentPostprocessing" = "0"; }; "A5A2C067E9886ABBC4703E9D" = { "isa" = "XCBuildConfiguration"; "name" = "Debug"; "buildSettings" = { "PRODUCT_NAME" = "GravityReader"; "PRODUCT_BUNDLE_IDENTIFIER" = "jp.nyokki519.GravityReader"; "INFOPLIST_FILE" = "GravityReader-Info.plist"; "SWIFT_VERSION" = "5.0"; "IPHONEOS_DEPLOYMENT_TARGET" = "16.0"; "TARGETED_DEVICE_FAMILY" = "1,2"; "CODE_SIGN_STYLE" = "Automatic"; "SDKROOT" = "iphoneos"; "LD_RUNPATH_SEARCH_PATHS" = ("$(inherited)","@executable_path/Frameworks",); "SWIFT_OPTIMIZATION_LEVEL" = "-Onone"; }; }; "282C88021509B0DE3F7DAE73" = { "isa" = "XCBuildConfiguration"; "name" = "Release"; "buildSettings" = { "PRODUCT_NAME" = "GravityReader"; "PRODUCT_BUNDLE_IDENTIFIER" = "jp.nyokki519.GravityReader"; "INFOPLIST_FILE" = "GravityReader-Info.plist"; "SWIFT_VERSION" = "5.0"; "IPHONEOS_DEPLOYMENT_TARGET" = "16.0"; "TARGETED_DEVICE_FAMILY" = "1,2"; "CODE_SIGN_STYLE" = "Automatic"; "SDKROOT" = "iphoneos"; "LD_RUNPATH_SEARCH_PATHS" = ("$(inherited)","@executable_path/Frameworks",); "SWIFT_OPTIMIZATION_LEVEL" = "-O"; }; }; "13088B88EA799DD25664D55E" = { "isa" = "XCConfigurationList"; "buildConfigurations" = ("A5A2C067E9886ABBC4703E9D","282C88021509B0DE3F7DAE73",); "defaultConfigurationIsVisible" = "0"; "defaultConfigurationName" = "Release"; }; "E548F8F76C910EFEF5133BFB" = { "isa" = "PBXNativeTarget"; "buildConfigurationList" = "13088B88EA799DD25664D55E"; "buildPhases" = ("266CC969EA77DF1941403449","FA474B315AF301ED14814E73","8A1EED22144C3F04485A69EE",); "buildRules" = (); "dependencies" = ("A364BF34E3A6C64B173D0DB7",); "name" = "GravityReader"; "productName" = "GravityReader"; "productReference" = "5F3B1BF333D8EEB9AF438333"; "productType" = "com.apple.product-type.application"; }; "4F198AAC22BEBF42634EBA92" = { "isa" = "PBXFileReference"; "explicitFileType" = "wrapper.app-extension"; "includeInIndex" = "0"; "path" = "Upload.appex"; "sourceTree" = "BUILT_PRODUCTS_DIR"; }; "5FFE56983B054E9D09DD3C35" = { "isa" = "PBXBuildFile"; "fileRef" = "5E9492361913114BB3A024CD"; }; "5A4F670CCF4D334B03F2B8A7" = { "isa" = "PBXBuildFile"; "fileRef" = "8029B03F445BF0C31481716B"; }; "A72F6073EE59911EE93AF22C" = { "isa" = "PBXBuildFile"; "fileRef" = "AFEC5F382BFDA51F5BE64521"; }; "649BB2B31C9C3C7004C92007" = { "isa" = "PBXSourcesBuildPhase"; "buildActionMask" = "2147483647"; "files" = ("5FFE56983B054E9D09DD3C35","5A4F670CCF4D334B03F2B8A7","A72F6073EE59911EE93AF22C",); "runOnlyForDeploymentPostprocessing" = "0"; }; "E964A510FB4144C96E544521" = { "isa" = "PBXFrameworksBuildPhase"; "buildActionMask" = "2147483647"; "files" = (); "runOnlyForDeploymentPostprocessing" = "0"; }; "ECFA91F10E90A0BE8560C560" = { "isa" = "XCBuildConfiguration"; "name" = "Debug"; "buildSettings" = { "PRODUCT_NAME" = "Upload"; "PRODUCT_BUNDLE_IDENTIFIER" = "jp.nyokki519.GravityReader.Upload"; "INFOPLIST_FILE" = "Upload-Info.plist"; "SWIFT_VERSION" = "5.0"; "IPHONEOS_DEPLOYMENT_TARGET" = "16.0"; "TARGETED_DEVICE_FAMILY" = "1,2"; "CODE_SIGN_STYLE" = "Automatic"; "SDKROOT" = "iphoneos"; "LD_RUNPATH_SEARCH_PATHS" = ("$(inherited)","@executable_path/Frameworks","@executable_path/../../Frameworks",); "APPLICATION_EXTENSION_API_ONLY" = "YES"; "SKIP_INSTALL" = "YES"; "SWIFT_OPTIMIZATION_LEVEL" = "-Onone"; }; }; "81C2C759E4CC6334A89695B7" = { "isa" = "XCBuildConfiguration"; "name" = "Release"; "buildSettings" = { "PRODUCT_NAME" = "Upload"; "PRODUCT_BUNDLE_IDENTIFIER" = "jp.nyokki519.GravityReader.Upload"; "INFOPLIST_FILE" = "Upload-Info.plist"; "SWIFT_VERSION" = "5.0"; "IPHONEOS_DEPLOYMENT_TARGET" = "16.0"; "TARGETED_DEVICE_FAMILY" = "1,2"; "CODE_SIGN_STYLE" = "Automatic"; "SDKROOT" = "iphoneos"; "LD_RUNPATH_SEARCH_PATHS" = ("$(inherited)","@executable_path/Frameworks","@executable_path/../../Frameworks",); "APPLICATION_EXTENSION_API_ONLY" = "YES"; "SKIP_INSTALL" = "YES"; "SWIFT_OPTIMIZATION_LEVEL" = "-O"; }; }; "4BF48CF71DF755348AEA5024" = { "isa" = "XCConfigurationList"; "buildConfigurations" = ("ECFA91F10E90A0BE8560C560","81C2C759E4CC6334A89695B7",); "defaultConfigurationIsVisible" = "0"; "defaultConfigurationName" = "Release"; }; "14707A4B97174D0FB7C3F828" = { "isa" = "PBXNativeTarget"; "buildConfigurationList" = "4BF48CF71DF755348AEA5024"; "buildPhases" = ("649BB2B31C9C3C7004C92007","E964A510FB4144C96E544521",); "buildRules" = (); "dependencies" = (); "name" = "Upload"; "productName" = "Upload"; "productReference" = "4F198AAC22BEBF42634EBA92"; "productType" = "com.apple.product-type.app-extension"; }; "0A3E27B8CA818264D75C8D81" = { "isa" = "PBXGroup"; "children" = ("5F3B1BF333D8EEB9AF438333","4F198AAC22BEBF42634EBA92",); "name" = "Products"; "sourceTree" = "<group>"; }; "0D6E4079E36703EBD37C0072" = { "isa" = "PBXGroup"; "children" = ("5C820F917A81E7A8BCFE4BDB","5E9492361913114BB3A024CD","8029B03F445BF0C31481716B","AFEC5F382BFDA51F5BE64521","0A3E27B8CA818264D75C8D81",); "sourceTree" = "<group>"; }; "73EBF6644258C120893E685D" = { "isa" = "XCBuildConfiguration"; "name" = "Debug"; "buildSettings" = { "CLANG_ENABLE_MODULES" = "YES"; "SWIFT_OPTIMIZATION_LEVEL" = "-Onone"; }; }; "0B0C687DF8B6B8DC790B519C" = { "isa" = "XCBuildConfiguration"; "name" = "Release"; "buildSettings" = { "CLANG_ENABLE_MODULES" = "YES"; "SWIFT_OPTIMIZATION_LEVEL" = "-O"; }; }; "76F8DEC3DFE0BDB465198890" = { "isa" = "XCConfigurationList"; "buildConfigurations" = ("73EBF6644258C120893E685D","0B0C687DF8B6B8DC790B519C",); "defaultConfigurationIsVisible" = "0"; "defaultConfigurationName" = "Release"; }; "244210E48437B6556980A702" = { "isa" = "PBXProject"; "attributes" = { "LastUpgradeCheck" = "1600"; }; "buildConfigurationList" = "76F8DEC3DFE0BDB465198890"; "compatibilityVersion" = "Xcode 14.0"; "developmentRegion" = "ja"; "hasScannedForEncodings" = "0"; "knownRegions" = ("ja","en","Base",); "mainGroup" = "0D6E4079E36703EBD37C0072"; "productRefGroup" = "0A3E27B8CA818264D75C8D81"; "projectDirPath" = ""; "projectRoot" = ""; "targets" = ("E548F8F76C910EFEF5133BFB","14707A4B97174D0FB7C3F828",); }; }; "rootObject" = "244210E48437B6556980A702"; }
